lockfileVersion: '9.0'

settings:
  autoInstallPeers: true
  excludeLinksFromLockfile: false

importers:

  .:
    dependencies:
      '@prisma/client':
        specifier: ^5.21.1
        version: 5.21.1

packages:

  '@prisma/client@5.21.1':
    resolution: {integrity: sha512-3n+GgbAZYjaS/k0M03yQsQfR1APbr411r74foknnsGpmhNKBG49VuUkxIU6jORgvJPChoD4WC4PqoHImN1FP0w==}
    engines: {node: '>=16.13'}
    peerDependencies:
      prisma: '*'
    peerDependenciesMeta:
      prisma:
        optional: true

snapshots:

  '@prisma/client@5.21.1': {}
